{"filter":false,"title":"package-lock.json","tooltip":"/lambda/package-lock.json","undoManager":{"mark":-1,"position":-1,"stack":[]},"ace":{"folds":[],"scrolltop":1157.0000061035157,"scrollleft":0,"selection":{"start":{"row":56,"column":21},"end":{"row":56,"column":21},"isBackwards":false},"options":{"guessTabSize":true,"useWrapMode":false,"wrapToView":true},"firstLineState":{"row":81,"state":"start","mode":"ace/mode/json"}},"timestamp":1696229962804,"hash":"824e17772b45b15ccfaafaf04b13a9b16fdafeeb"}